
Microsoft Visual Studio Solution File, Format Version 12.00
# Visual Studio Version 17
VisualStudioVersion = 17.4.33122.133
MinimumVisualStudioVersion = 10.0.40219.1
Project("{9A19103F-16F7-4668-BE54-9A1E7A4F7556}") = "MajorityElement", "MajorityElement\MajorityElement.csproj", "{9BF8219B-CA88-4807-AE7E-F780DAB683B9}"
EndProject
Project("{9A19103F-16F7-4668-BE54-9A1E7A4F7556}") = "MaxSumContiguousSubarray", "MaxSumContiguousSubarray\MaxSumContiguousSubarray.csproj", "{AA2576CE-C9B9-4C95-8C60-0761BD8A8430}"
EndProject
Project("{9A19103F-16F7-4668-BE54-9A1E7A4F7556}") = "ReverseTheString", "ReverseTheString\ReverseTheString.csproj", "{BB525095-2E10-4BFD-8F88-41DA6C5E5DCB}"
EndProject
Project("{9A19103F-16F7-4668-BE54-9A1E7A4F7556}") = "MultiDimensionalArrays", "MultiDimensionalArrays\MultiDimensionalArrays.csproj", "{6F8B4215-6904-465E-99AE-7B1DADC37AD4}"
EndProject
Project("{9A19103F-16F7-4668-BE54-9A1E7A4F7556}") = "LinkedList", "LinkedList\LinkedList.csproj", "{611097CC-AAD2-458D-897B-D3F330F1FFBD}"
EndProject
Project("{9A19103F-16F7-4668-BE54-9A1E7A4F7556}") = "List", "List\List.csproj", "{87B5113D-D63D-4528-B62B-51A4A5382133}"
EndProject
Project("{9A19103F-16F7-4668-BE54-9A1E7A4F7556}") = "Sets", "Sets\Sets.csproj", "{B7FF7C44-B088-4437-99E4-F52B1F018B01}"
EndProject
Project("{FAE04EC0-301F-11D3-BF4B-00C04F79EFBC}") = "Stack", "Stack\Stack.csproj", "{9EF4FA2A-AE56-4E7B-92B3-C7AF7B33C1D0}"
EndProject
Project("{FAE04EC0-301F-11D3-BF4B-00C04F79EFBC}") = "Queque", "Queque\Queque.csproj", "{6BE6B1E8-5BD3-4324-ACB7-67955BF91DB6}"
EndProject
Global
	GlobalSection(SolutionConfigurationPlatforms) = preSolution
		Debug|Any CPU = Debug|Any CPU
		Release|Any CPU = Release|Any CPU
	EndGlobalSection
	GlobalSection(ProjectConfigurationPlatforms) = postSolution
		{9BF8219B-CA88-4807-AE7E-F780DAB683B9}.Debug|Any CPU.ActiveCfg = Debug|Any CPU
		{9BF8219B-CA88-4807-AE7E-F780DAB683B9}.Debug|Any CPU.Build.0 = Debug|Any CPU
		{9BF8219B-CA88-4807-AE7E-F780DAB683B9}.Release|Any CPU.ActiveCfg = Release|Any CPU
		{9BF8219B-CA88-4807-AE7E-F780DAB683B9}.Release|Any CPU.Build.0 = Release|Any CPU
		{AA2576CE-C9B9-4C95-8C60-0761BD8A8430}.Debug|Any CPU.ActiveCfg = Debug|Any CPU
		{AA2576CE-C9B9-4C95-8C60-0761BD8A8430}.Debug|Any CPU.Build.0 = Debug|Any CPU
		{AA2576CE-C9B9-4C95-8C60-0761BD8A8430}.Release|Any CPU.ActiveCfg = Release|Any CPU
		{AA2576CE-C9B9-4C95-8C60-0761BD8A8430}.Release|Any CPU.Build.0 = Release|Any CPU
		{BB525095-2E10-4BFD-8F88-41DA6C5E5DCB}.Debug|Any CPU.ActiveCfg = Debug|Any CPU
		{BB525095-2E10-4BFD-8F88-41DA6C5E5DCB}.Debug|Any CPU.Build.0 = Debug|Any CPU
		{BB525095-2E10-4BFD-8F88-41DA6C5E5DCB}.Release|Any CPU.ActiveCfg = Release|Any CPU
		{BB525095-2E10-4BFD-8F88-41DA6C5E5DCB}.Release|Any CPU.Build.0 = Release|Any CPU
		{6F8B4215-6904-465E-99AE-7B1DADC37AD4}.Debug|Any CPU.ActiveCfg = Debug|Any CPU
		{6F8B4215-6904-465E-99AE-7B1DADC37AD4}.Debug|Any CPU.Build.0 = Debug|Any CPU
		{6F8B4215-6904-465E-99AE-7B1DADC37AD4}.Release|Any CPU.ActiveCfg = Release|Any CPU
		{6F8B4215-6904-465E-99AE-7B1DADC37AD4}.Release|Any CPU.Build.0 = Release|Any CPU
		{611097CC-AAD2-458D-897B-D3F330F1FFBD}.Debug|Any CPU.ActiveCfg = Debug|Any CPU
		{611097CC-AAD2-458D-897B-D3F330F1FFBD}.Debug|Any CPU.Build.0 = Debug|Any CPU
		{611097CC-AAD2-458D-897B-D3F330F1FFBD}.Release|Any CPU.ActiveCfg = Release|Any CPU
		{611097CC-AAD2-458D-897B-D3F330F1FFBD}.Release|Any CPU.Build.0 = Release|Any CPU
		{87B5113D-D63D-4528-B62B-51A4A5382133}.Debug|Any CPU.ActiveCfg = Debug|Any CPU
		{87B5113D-D63D-4528-B62B-51A4A5382133}.Debug|Any CPU.Build.0 = Debug|Any CPU
		{87B5113D-D63D-4528-B62B-51A4A5382133}.Release|Any CPU.ActiveCfg = Release|Any CPU
		{87B5113D-D63D-4528-B62B-51A4A5382133}.Release|Any CPU.Build.0 = Release|Any CPU
		{B7FF7C44-B088-4437-99E4-F52B1F018B01}.Debug|Any CPU.ActiveCfg = Debug|Any CPU
		{B7FF7C44-B088-4437-99E4-F52B1F018B01}.Debug|Any CPU.Build.0 = Debug|Any CPU
		{B7FF7C44-B088-4437-99E4-F52B1F018B01}.Release|Any CPU.ActiveCfg = Release|Any CPU
		{B7FF7C44-B088-4437-99E4-F52B1F018B01}.Release|Any CPU.Build.0 = Release|Any CPU
		{9EF4FA2A-AE56-4E7B-92B3-C7AF7B33C1D0}.Debug|Any CPU.ActiveCfg = Debug|Any CPU
		{9EF4FA2A-AE56-4E7B-92B3-C7AF7B33C1D0}.Debug|Any CPU.Build.0 = Debug|Any CPU
		{9EF4FA2A-AE56-4E7B-92B3-C7AF7B33C1D0}.Release|Any CPU.ActiveCfg = Release|Any CPU
		{9EF4FA2A-AE56-4E7B-92B3-C7AF7B33C1D0}.Release|Any CPU.Build.0 = Release|Any CPU
		{6BE6B1E8-5BD3-4324-ACB7-67955BF91DB6}.Debug|Any CPU.ActiveCfg = Debug|Any CPU
		{6BE6B1E8-5BD3-4324-ACB7-67955BF91DB6}.Debug|Any CPU.Build.0 = Debug|Any CPU
		{6BE6B1E8-5BD3-4324-ACB7-67955BF91DB6}.Release|Any CPU.ActiveCfg = Release|Any CPU
		{6BE6B1E8-5BD3-4324-ACB7-67955BF91DB6}.Release|Any CPU.Build.0 = Release|Any CPU
	EndGlobalSection
	GlobalSection(SolutionProperties) = preSolution
		HideSolutionNode = FALSE
	EndGlobalSection
	GlobalSection(ExtensibilityGlobals) = postSolution
		SolutionGuid = {06A6B730-AE46-401D-AF29-006BF0D3E2C5}
	EndGlobalSection
EndGlobal
